
Microsoft Visual Studio Solution File, Format Version 12.00
# Visual Studio Version 17
VisualStudioVersion = 17.2.32630.192
MinimumVisualStudioVersion = 10.0.40219.1
Project("{FAE04EC0-301F-11D3-BF4B-00C04F79EFBC}") = "Week1", "Week1\Week1.csproj", "{FF151262-617E-4CD5-A9BB-C9CD5BC03872}"
EndProject
Global
	GlobalSection(SolutionConfigurationPlatforms) = preSolution
		Debug|Any CPU = Debug|Any CPU
		Release|Any CPU = Release|Any CPU
	EndGlobalSection
	GlobalSection(ProjectConfigurationPlatforms) = postSolution
		{FF151262-617E-4CD5-A9BB-C9CD5BC03872}.Debug|Any CPU.ActiveCfg = Debug|Any CPU
		{FF151262-617E-4CD5-A9BB-C9CD5BC03872}.Debug|Any CPU.Build.0 = Debug|Any CPU
		{FF151262-617E-4CD5-A9BB-C9CD5BC03872}.Release|Any CPU.ActiveCfg = Release|Any CPU
		{FF151262-617E-4CD5-A9BB-C9CD5BC03872}.Release|Any CPU.Build.0 = Release|Any CPU
	EndGlobalSection
	GlobalSection(SolutionProperties) = preSolution
		HideSolutionNode = FALSE
	EndGlobalSection
	GlobalSection(ExtensibilityGlobals) = postSolution
		SolutionGuid = {FD2ACEC9-8831-4143-A372-BA813413890F}
	EndGlobalSection
EndGlobal
